
Microsoft Visual Studio Solution File, Format Version 12.00
# Visual Studio Version 17
VisualStudioVersion = 17.2.32505.173
MinimumVisualStudioVersion = 10.0.40219.1
Project("{FAE04EC0-301F-11D3-BF4B-00C04F79EFBC}") = "FinanceTracker", "FinanceTracker\FinanceTracker.csproj", "{B8713832-4642-4ED6-ACCE-947FE64AA45E}"
EndProject
Global
	GlobalSection(SolutionConfigurationPlatforms) = preSolution
		Debug|Any CPU = Debug|Any CPU
		Release|Any CPU = Release|Any CPU
	EndGlobalSection
	GlobalSection(ProjectConfigurationPlatforms) = postSolution
		{B8713832-4642-4ED6-ACCE-947FE64AA45E}.Debug|Any CPU.ActiveCfg = Debug|Any CPU
		{B8713832-4642-4ED6-ACCE-947FE64AA45E}.Debug|Any CPU.Build.0 = Debug|Any CPU
		{B8713832-4642-4ED6-ACCE-947FE64AA45E}.Release|Any CPU.ActiveCfg = Release|Any CPU
		{B8713832-4642-4ED6-ACCE-947FE64AA45E}.Release|Any CPU.Build.0 = Release|Any CPU
	EndGlobalSection
	GlobalSection(SolutionProperties) = preSolution
		HideSolutionNode = FALSE
	EndGlobalSection
	GlobalSection(ExtensibilityGlobals) = postSolution
		SolutionGuid = {6D7D9594-1BE7-49EE-A6E2-4A0EA14ECFC5}
	EndGlobalSection
EndGlobal
